
Microsoft Visual Studio Solution File, Format Version 12.00
# Visual Studio Version 16
VisualStudioVersion = 16.0.29911.84
MinimumVisualStudioVersion = 10.0.40219.1
Project("{FAE04EC0-301F-11D3-BF4B-00C04F79EFBC}") = "ConsoleApp3", "ConsoleApp3\ConsoleApp3.csproj", "{84B8CF2D-5F48-42DD-8BD4-BFD0F94E2D29}"
EndProject
Project("{FAE04EC0-301F-11D3-BF4B-00C04F79EFBC}") = "AsyncEnumerableOld", "AsyncEnumerableOld\AsyncEnumerableOld.csproj", "{F21C0003-0337-4FF8-885A-362A4F4A6EBD}"
EndProject
Project("{FAE04EC0-301F-11D3-BF4B-00C04F79EFBC}") = "AsyncEnumerableNew", "AsyncEnumerableNew\AsyncEnumerableNew.csproj", "{24D81C2A-1710-4746-A905-3DA97695361D}"
EndProject
Project("{FAE04EC0-301F-11D3-BF4B-00C04F79EFBC}") = "DefaultInterfacesMembers", "DefaultInterfacesMembers\DefaultInterfacesMembers.csproj", "{86A73DDA-8671-4221-9ABC-92683BF963E7}"
EndProject
Global
	GlobalSection(SolutionConfigurationPlatforms) = preSolution
		Debug|Any CPU = Debug|Any CPU
		Release|Any CPU = Release|Any CPU
	EndGlobalSection
	GlobalSection(ProjectConfigurationPlatforms) = postSolution
		{84B8CF2D-5F48-42DD-8BD4-BFD0F94E2D29}.Debug|Any CPU.ActiveCfg = Debug|Any CPU
		{84B8CF2D-5F48-42DD-8BD4-BFD0F94E2D29}.Debug|Any CPU.Build.0 = Debug|Any CPU
		{84B8CF2D-5F48-42DD-8BD4-BFD0F94E2D29}.Release|Any CPU.ActiveCfg = Release|Any CPU
		{84B8CF2D-5F48-42DD-8BD4-BFD0F94E2D29}.Release|Any CPU.Build.0 = Release|Any CPU
		{F21C0003-0337-4FF8-885A-362A4F4A6EBD}.Debug|Any CPU.ActiveCfg = Debug|Any CPU
		{F21C0003-0337-4FF8-885A-362A4F4A6EBD}.Debug|Any CPU.Build.0 = Debug|Any CPU
		{F21C0003-0337-4FF8-885A-362A4F4A6EBD}.Release|Any CPU.ActiveCfg = Release|Any CPU
		{F21C0003-0337-4FF8-885A-362A4F4A6EBD}.Release|Any CPU.Build.0 = Release|Any CPU
		{24D81C2A-1710-4746-A905-3DA97695361D}.Debug|Any CPU.ActiveCfg = Debug|Any CPU
		{24D81C2A-1710-4746-A905-3DA97695361D}.Debug|Any CPU.Build.0 = Debug|Any CPU
		{24D81C2A-1710-4746-A905-3DA97695361D}.Release|Any CPU.ActiveCfg = Release|Any CPU
		{24D81C2A-1710-4746-A905-3DA97695361D}.Release|Any CPU.Build.0 = Release|Any CPU
		{86A73DDA-8671-4221-9ABC-92683BF963E7}.Debug|Any CPU.ActiveCfg = Debug|Any CPU
		{86A73DDA-8671-4221-9ABC-92683BF963E7}.Debug|Any CPU.Build.0 = Debug|Any CPU
		{86A73DDA-8671-4221-9ABC-92683BF963E7}.Release|Any CPU.ActiveCfg = Release|Any CPU
		{86A73DDA-8671-4221-9ABC-92683BF963E7}.Release|Any CPU.Build.0 = Release|Any CPU
	EndGlobalSection
	GlobalSection(SolutionProperties) = preSolution
		HideSolutionNode = FALSE
	EndGlobalSection
	GlobalSection(ExtensibilityGlobals) = postSolution
		SolutionGuid = {0199E2D4-2AF1-4308-BCE9-036DADD93B70}
	EndGlobalSection
EndGlobal
